{
  "name": "formula-pair-example",
  "version": "1.0.0",
  "lockfileVersion": 3,
  "requires": true,
  "packages": {
    "": {
      "name": "formula-pair-example",
      "version": "1.0.0",
      "dependencies": {
        "@mdfriday/shortcode-compiler": "^0.2.4"
      },
      "devDependencies": {}
    },
    "node_modules/@mdfriday/shortcode-compiler": {
      "version": "0.2.4",
      "resolved": "https://registry.npmjs.org/@mdfriday/shortcode-compiler/-/shortcode-compiler-0.2.4.tgz",
      "integrity": "sha512-+Dv0MhKaQ9+fuZUaohf0KE7ByJq5/Ix94g7R2KMCdShaNnEKxdXPNieOCv7Q+uIFyT5YReBsaARdM/D6T7wWwA==",
      "license": "MIT",
      "dependencies": {
        "@mdfriday/text-template": "^0.1.3"
      }
    },
    "node_modules/@mdfriday/text-template": {
      "version": "0.1.3",
      "resolved": "https://registry.npmjs.org/@mdfriday/text-template/-/text-template-0.1.3.tgz",
      "integrity": "sha512-AXiTNctqFM9I87inGY+awwqrEeJbUsxS+3GgvEY2k65maj+Dhnf/wj8M3Gt9uLQbaz5Mkq9zjx4q64FCIPD+2Q==",
      "license": "UNLICENSED"
    }
  }
}
