{
  "name": "theme-system-demo",
  "version": "1.0.0",
  "lockfileVersion": 2,
  "requires": true,
  "packages": {
    "": {
      "name": "theme-system-demo",
      "version": "1.0.0",
      "license": "MIT",
      "devDependencies": {
        "@mdfriday/shortcode-compiler": "^0.2.0"
      }
    },
    "node_modules/@mdfriday/shortcode-compiler": {
      "version": "0.2.0",
      "resolved": "https://registry.npmjs.org/@mdfriday/shortcode-compiler/-/shortcode-compiler-0.2.0.tgz",
      "integrity": "sha512-t6wDCFr8YeWNVCDpKDj7IM5aUjN9+H7BBXzEwtlHJAXoJWgcGA3XyyBOPVuk3emEhHRBciNdnlxnMtUimbb/Xg==",
      "dev": true,
      "dependencies": {
        "@mdfriday/text-template": "^0.1.1"
      }
    },
    "node_modules/@mdfriday/text-template": {
      "version": "0.1.1",
      "resolved": "https://registry.npmjs.org/@mdfriday/text-template/-/text-template-0.1.1.tgz",
      "integrity": "sha512-gqfu4NeMeNqil5Run9SQsg/v+joDz6AfkzH/xBZA0rAXLXYbOqd3fm3prEKjaFY9/SkqJAPx4G18YoUx2QKIZw==",
      "dev": true
    }
  },
  "dependencies": {
    "@mdfriday/shortcode-compiler": {
      "version": "0.2.0",
      "resolved": "https://registry.npmjs.org/@mdfriday/shortcode-compiler/-/shortcode-compiler-0.2.0.tgz",
      "integrity": "sha512-t6wDCFr8YeWNVCDpKDj7IM5aUjN9+H7BBXzEwtlHJAXoJWgcGA3XyyBOPVuk3emEhHRBciNdnlxnMtUimbb/Xg==",
      "dev": true,
      "requires": {
        "@mdfriday/text-template": "^0.1.1"
      }
    },
    "@mdfriday/text-template": {
      "version": "0.1.1",
      "resolved": "https://registry.npmjs.org/@mdfriday/text-template/-/text-template-0.1.1.tgz",
      "integrity": "sha512-gqfu4NeMeNqil5Run9SQsg/v+joDz6AfkzH/xBZA0rAXLXYbOqd3fm3prEKjaFY9/SkqJAPx4G18YoUx2QKIZw==",
      "dev": true
    }
  }
}
