# THIS IS AN AUTOGENERATED FILE. DO NOT EDIT THIS FILE DIRECTLY.
# yarn lockfile v1


"@mdfriday/shortcode-compiler@^0.2.2":
  version "0.2.2"
  resolved "https://registry.yarnpkg.com/@mdfriday/shortcode-compiler/-/shortcode-compiler-0.2.2.tgz#a569fa56bb8472cce7919df230e357aaddbcf364"
  integrity sha512-zkdlxrp8xpRRkXvPS952Jm6aV1C0QpNMfvgg51wSybHskKyAPzXanhwB0KBBbGjCS2owUDcDiW7WPTSodIsZPA==
  dependencies:
    "@mdfriday/text-template" "^0.1.2"

"@mdfriday/text-template@^0.1.2":
  version "0.1.2"
  resolved "https://registry.yarnpkg.com/@mdfriday/text-template/-/text-template-0.1.2.tgz#f861e2506b6bc6d5b39e8bd9dd7a0bc66185738b"
  integrity sha512-O0aWJFQIOEDE8Mt7RFkS5W9V8LbTD+vVocArBnfV/Jv2RBiyyVjENXQqslFSHkQQ4qKdHnGygvAkfd6u4rZDfw==
